
Microsoft Visual Studio Solution File, Format Version 12.00
# Visual Studio Version 17
VisualStudioVersion = 17.4.33110.190
MinimumVisualStudioVersion = 10.0.40219.1
Project("{FAE04EC0-301F-11D3-BF4B-00C04F79EFBC}") = "MimeFileList", "MimeFileList\MimeFileList.csproj", "{4CC41517-22B0-478A-BBF1-290BF659FEC9}"
EndProject
Global
	GlobalSection(SolutionConfigurationPlatforms) = preSolution
		Debug|Any CPU = Debug|Any CPU
		Release|Any CPU = Release|Any CPU
	EndGlobalSection
	GlobalSection(ProjectConfigurationPlatforms) = postSolution
		{4CC41517-22B0-478A-BBF1-290BF659FEC9}.Debug|Any CPU.ActiveCfg = Debug|Any CPU
		{4CC41517-22B0-478A-BBF1-290BF659FEC9}.Debug|Any CPU.Build.0 = Debug|Any CPU
		{4CC41517-22B0-478A-BBF1-290BF659FEC9}.Release|Any CPU.ActiveCfg = Release|Any CPU
		{4CC41517-22B0-478A-BBF1-290BF659FEC9}.Release|Any CPU.Build.0 = Release|Any CPU
	EndGlobalSection
	GlobalSection(SolutionProperties) = preSolution
		HideSolutionNode = FALSE
	EndGlobalSection
	GlobalSection(ExtensibilityGlobals) = postSolution
		SolutionGuid = {485DF0BD-F55B-44AF-9601-1AC3EC42EEEA}
	EndGlobalSection
EndGlobal
